// !$*UTF8*$!
{
	archiveVersion = 1;
	classes = {
	};
	objectVersion = 46;
	objects = {

/* Begin PBXBuildFile section */
		075834E21B0D891D0051C875 /* DetailViewController.m in Sources */ = {isa = PBXBuildFile; fileRef = 075834E11B0D891D0051C875 /* DetailViewController.m */; };
		075834E41B0D97E30051C875 /* CoreLocation.framework in Frameworks */ = {isa = PBXBuildFile; fileRef = 075834E31B0D97E30051C875 /* CoreLocation.framework */; };
		075834E81B0DA91C0051C875 /* 3.png in Resources */ = {isa = PBXBuildFile; fileRef = 075834E51B0DA91C0051C875 /* 3.png */; };
		075834E91B0DA91C0051C875 /* 1.png in Resources */ = {isa = PBXBuildFile; fileRef = 075834E61B0DA91C0051C875 /* 1.png */; };
		075834EA1B0DA91C0051C875 /* 2.png in Resources */ = {isa = PBXBuildFile; fileRef = 075834E71B0DA91C0051C875 /* 2.png */; };
		35D694DDDF0318817552ED7C /* libPods-DenunciaElectoral.a in Frameworks */ = {isa = PBXBuildFile; fileRef = 00CA018491167BA36F36FF43 /* libPods-DenunciaElectoral.a */; };
		F37461521B0D4338006354CE /* main.m in Sources */ = {isa = PBXBuildFile; fileRef = F37461511B0D4338006354CE /* main.m */; };
		F37461551B0D4338006354CE /* AppDelegate.m in Sources */ = {isa = PBXBuildFile; fileRef = F37461541B0D4338006354CE /* AppDelegate.m */; };
		F37461581B0D4338006354CE /* ViewController.m in Sources */ = {isa = PBXBuildFile; fileRef = F37461571B0D4338006354CE /* ViewController.m */; };
		F374615B1B0D4338006354CE /* Main.storyboard in Resources */ = {isa = PBXBuildFile; fileRef = F37461591B0D4338006354CE /* Main.storyboard */; };
		F374615D1B0D4338006354CE /* Images.xcassets in Resources */ = {isa = PBXBuildFile; fileRef = F374615C1B0D4338006354CE /* Images.xcassets */; };
		F37461601B0D4338006354CE /* LaunchScreen.xib in Resources */ = {isa = PBXBuildFile; fileRef = F374615E1B0D4338006354CE /* LaunchScreen.xib */; };
		F374616C1B0D4339006354CE /* DenunciaElectoralTests.m in Sources */ = {isa = PBXBuildFile; fileRef = F374616B1B0D4339006354CE /* DenunciaElectoralTests.m */; };
		F374617E1B0D5BF6006354CE /* ListViewController.m in Sources */ = {isa = PBXBuildFile; fileRef = F374617D1B0D5BF6006354CE /* ListViewController.m */; };
/* End PBXBuildFile section */

/* Begin PBXContainerItemProxy section */
		F37461661B0D4339006354CE /* PBXContainerItemProxy */ = {
			isa = PBXContainerItemProxy;
			containerPortal = F37461441B0D4338006354CE /* Project object */;
			proxyType = 1;
			remoteGlobalIDString = F374614B1B0D4338006354CE;
			remoteInfo = DenunciaElectoral;
		};
/* End PBXContainerItemProxy section */

/* Begin PBXFileReference section */
		00CA018491167BA36F36FF43 /* libPods-DenunciaElectoral.a */ = {isa = PBXFileReference; explicitFileType = archive.ar; includeInIndex = 0; path = "libPods-DenunciaElectoral.a"; sourceTree = BUILT_PRODUCTS_DIR; };
		075834E01B0D891D0051C875 /* DetailViewController.h */ = {isa = PBXFileReference; fileEncoding = 4; lastKnownFileType = sourcecode.c.h; path = DetailViewController.h; sourceTree = "<group>"; };
		075834E11B0D891D0051C875 /* DetailViewController.m */ = {isa = PBXFileReference; fileEncoding = 4; lastKnownFileType = sourcecode.c.objc; path = DetailViewController.m; sourceTree = "<group>"; };
		075834E31B0D97E30051C875 /* CoreLocation.framework */ = {isa = PBXFileReference; lastKnownFileType = wrapper.framework; name = CoreLocation.framework; path = System/Library/Frameworks/CoreLocation.framework; sourceTree = SDKROOT; };
		075834E51B0DA91C0051C875 /* 3.png */ = {isa = PBXFileReference; lastKnownFileType = image.png; path = 3.png; sourceTree = "<group>"; };
		075834E61B0DA91C0051C875 /* 1.png */ = {isa = PBXFileReference; lastKnownFileType = image.png; path = 1.png; sourceTree = "<group>"; };
		075834E71B0DA91C0051C875 /* 2.png */ = {isa = PBXFileReference; lastKnownFileType = image.png; path = 2.png; sourceTree = "<group>"; };
		45158E356FA4303F96083D2C /* Pods-DenunciaElectoral.debug.xcconfig */ = {isa = PBXFileReference; includeInIndex = 1; lastKnownFileType = text.xcconfig; name = "Pods-DenunciaElectoral.debug.xcconfig"; path = "Pods/Target Support Files/Pods-DenunciaElectoral/Pods-DenunciaElectoral.debug.xcconfig"; sourceTree = "<group>"; };
		F374614C1B0D4338006354CE /* DenunciaElectoral.app */ = {isa = PBXFileReference; explicitFileType = wrapper.application; includeInIndex = 0; path = DenunciaElectoral.app; sourceTree = BUILT_PRODUCTS_DIR; };
		F37461501B0D4338006354CE /* Info.plist */ = {isa = PBXFileReference; lastKnownFileType = text.plist.xml; path = Info.plist; sourceTree = "<group>"; };
		F37461511B0D4338006354CE /* main.m */ = {isa = PBXFileReference; lastKnownFileType = sourcecode.c.objc; path = main.m; sourceTree = "<group>"; };
		F37461531B0D4338006354CE /* AppDelegate.h */ = {isa = PBXFileReference; lastKnownFileType = sourcecode.c.h; path = AppDelegate.h; sourceTree = "<group>"; };
		F37461541B0D4338006354CE /* AppDelegate.m */ = {isa = PBXFileReference; lastKnownFileType = sourcecode.c.objc; path = AppDelegate.m; sourceTree = "<group>"; };
		F37461561B0D4338006354CE /* ViewController.h */ = {isa = PBXFileReference; lastKnownFileType = sourcecode.c.h; path = ViewController.h; sourceTree = "<group>"; };
		F37461571B0D4338006354CE /* ViewController.m */ = {isa = PBXFileReference; lastKnownFileType = sourcecode.c.objc; path = ViewController.m; sourceTree = "<group>"; };
		F374615A1B0D4338006354CE /* Base */ = {isa = PBXFileReference; lastKnownFileType = file.storyboard; name = Base; path = Base.lproj/Main.storyboard; sourceTree = "<group>"; };
		F374615C1B0D4338006354CE /* Images.xcassets */ = {isa = PBXFileReference; lastKnownFileType = folder.assetcatalog; path = Images.xcassets; sourceTree = "<group>"; };
		F374615F1B0D4338006354CE /* Base */ = {isa = PBXFileReference; lastKnownFileType = file.xib; name = Base; path = Base.lproj/LaunchScreen.xib; sourceTree = "<group>"; };
		F37461651B0D4339006354CE /* DenunciaElectoralTests.xctest */ = {isa = PBXFileReference; explicitFileType = wrapper.cfbundle; includeInIndex = 0; path = DenunciaElectoralTests.xctest; sourceTree = BUILT_PRODUCTS_DIR; };
		F374616A1B0D4339006354CE /* Info.plist */ = {isa = PBXFileReference; lastKnownFileType = text.plist.xml; path = Info.plist; sourceTree = "<group>"; };
		F374616B1B0D4339006354CE /* DenunciaElectoralTests.m */ = {isa = PBXFileReference; lastKnownFileType = sourcecode.c.objc; path = DenunciaElectoralTests.m; sourceTree = "<group>"; };
		F374617C1B0D5BF6006354CE /* ListViewController.h */ = {isa = PBXFileReference; fileEncoding = 4; lastKnownFileType = sourcecode.c.h; path = ListViewController.h; sourceTree = "<group>"; };
		F374617D1B0D5BF6006354CE /* ListViewController.m */ = {isa = PBXFileReference; fileEncoding = 4; lastKnownFileType = sourcecode.c.objc; path = ListViewController.m; sourceTree = "<group>"; };
		F6AB0CA0AFF01C4213B972C4 /* Pods-DenunciaElectoral.release.xcconfig */ = {isa = PBXFileReference; includeInIndex = 1; lastKnownFileType = text.xcconfig; name = "Pods-DenunciaElectoral.release.xcconfig"; path = "Pods/Target Support Files/Pods-DenunciaElectoral/Pods-DenunciaElectoral.release.xcconfig"; sourceTree = "<group>"; };
/* End PBXFileReference section */

/* Begin PBXFrameworksBuildPhase section */
		F37461491B0D4338006354CE /* Frameworks */ = {
			isa = PBXFrameworksBuildPhase;
			buildActionMask = 2147483647;
			files = (
				075834E41B0D97E30051C875 /* CoreLocation.framework in Frameworks */,
				35D694DDDF0318817552ED7C /* libPods-DenunciaElectoral.a in Frameworks */,
			);
			runOnlyForDeploymentPostprocessing = 0;
		};
		F37461621B0D4339006354CE /* Frameworks */ = {
			isa = PBXFrameworksBuildPhase;
			buildActionMask = 2147483647;
			files = (
			);
			runOnlyForDeploymentPostprocessing = 0;
		};
/* End PBXFrameworksBuildPhase section */

/* Begin PBXGroup section */
		0CF7991C8CDBE457F93DDC79 /* Pods */ = {
			isa = PBXGroup;
			children = (
				45158E356FA4303F96083D2C /* Pods-DenunciaElectoral.debug.xcconfig */,
				F6AB0CA0AFF01C4213B972C4 /* Pods-DenunciaElectoral.release.xcconfig */,
			);
			name = Pods;
			sourceTree = "<group>";
		};
		CABB9D940BF2B951D3A761B4 /* Frameworks */ = {
			isa = PBXGroup;
			children = (
				075834E31B0D97E30051C875 /* CoreLocation.framework */,
				00CA018491167BA36F36FF43 /* libPods-DenunciaElectoral.a */,
			);
			name = Frameworks;
			sourceTree = "<group>";
		};
		F37461431B0D4338006354CE = {
			isa = PBXGroup;
			children = (
				F374614E1B0D4338006354CE /* DenunciaElectoral */,
				F37461681B0D4339006354CE /* DenunciaElectoralTests */,
				F374614D1B0D4338006354CE /* Products */,
				0CF7991C8CDBE457F93DDC79 /* Pods */,
				CABB9D940BF2B951D3A761B4 /* Frameworks */,
			);
			sourceTree = "<group>";
		};
		F374614D1B0D4338006354CE /* Products */ = {
			isa = PBXGroup;
			children = (
				F374614C1B0D4338006354CE /* DenunciaElectoral.app */,
				F37461651B0D4339006354CE /* DenunciaElectoralTests.xctest */,
			);
			name = Products;
			sourceTree = "<group>";
		};
		F374614E1B0D4338006354CE /* DenunciaElectoral */ = {
			isa = PBXGroup;
			children = (
				F374617B1B0D4774006354CE /* Images */,
				F37461531B0D4338006354CE /* AppDelegate.h */,
				F37461541B0D4338006354CE /* AppDelegate.m */,
				F37461561B0D4338006354CE /* ViewController.h */,
				F37461571B0D4338006354CE /* ViewController.m */,
				F374617C1B0D5BF6006354CE /* ListViewController.h */,
				F374617D1B0D5BF6006354CE /* ListViewController.m */,
				075834E01B0D891D0051C875 /* DetailViewController.h */,
				075834E11B0D891D0051C875 /* DetailViewController.m */,
				F37461591B0D4338006354CE /* Main.storyboard */,
				F374615C1B0D4338006354CE /* Images.xcassets */,
				F374615E1B0D4338006354CE /* LaunchScreen.xib */,
				F374614F1B0D4338006354CE /* Supporting Files */,
			);
			path = DenunciaElectoral;
			sourceTree = "<group>";
		};
		F374614F1B0D4338006354CE /* Supporting Files */ = {
			isa = PBXGroup;
			children = (
				F37461501B0D4338006354CE /* Info.plist */,
				F37461511B0D4338006354CE /* main.m */,
			);
			name = "Supporting Files";
			sourceTree = "<group>";
		};
		F37461681B0D4339006354CE /* DenunciaElectoralTests */ = {
			isa = PBXGroup;
			children = (
				F374616B1B0D4339006354CE /* DenunciaElectoralTests.m */,
				F37461691B0D4339006354CE /* Supporting Files */,
			);
			path = DenunciaElectoralTests;
			sourceTree = "<group>";
		};
		F37461691B0D4339006354CE /* Supporting Files */ = {
			isa = PBXGroup;
			children = (
				F374616A1B0D4339006354CE /* Info.plist */,
			);
			name = "Supporting Files";
			sourceTree = "<group>";
		};
		F374617B1B0D4774006354CE /* Images */ = {
			isa = PBXGroup;
			children = (
				075834E51B0DA91C0051C875 /* 3.png */,
				075834E61B0DA91C0051C875 /* 1.png */,
				075834E71B0DA91C0051C875 /* 2.png */,
			);
			name = Images;
			sourceTree = "<group>";
		};
/* End PBXGroup section */

/* Begin PBXNativeTarget section */
		F374614B1B0D4338006354CE /* DenunciaElectoral */ = {
			isa = PBXNativeTarget;
			buildConfigurationList = F374616F1B0D4339006354CE /* Build configuration list for PBXNativeTarget "DenunciaElectoral" */;
			buildPhases = (
				7074F85AC8EC29C8A9C8DD9D /* Check Pods Manifest.lock */,
				F37461481B0D4338006354CE /* Sources */,
				F37461491B0D4338006354CE /* Frameworks */,
				F374614A1B0D4338006354CE /* Resources */,
				0C37AC1F027249AEAB3F4960 /* Copy Pods Resources */,
			);
			buildRules = (
			);
			dependencies = (
			);
			name = DenunciaElectoral;
			productName = DenunciaElectoral;
			productReference = F374614C1B0D4338006354CE /* DenunciaElectoral.app */;
			productType = "com.apple.product-type.application";
		};
		F37461641B0D4339006354CE /* DenunciaElectoralTests */ = {
			isa = PBXNativeTarget;
			buildConfigurationList = F37461721B0D4339006354CE /* Build configuration list for PBXNativeTarget "DenunciaElectoralTests" */;
			buildPhases = (
				F37461611B0D4339006354CE /* Sources */,
				F37461621B0D4339006354CE /* Frameworks */,
				F37461631B0D4339006354CE /* Resources */,
			);
			buildRules = (
			);
			dependencies = (
				F37461671B0D4339006354CE /* PBXTargetDependency */,
			);
			name = DenunciaElectoralTests;
			productName = DenunciaElectoralTests;
			productReference = F37461651B0D4339006354CE /* DenunciaElectoralTests.xctest */;
			productType = "com.apple.product-type.bundle.unit-test";
		};
/* End PBXNativeTarget section */

/* Begin PBXProject section */
		F37461441B0D4338006354CE /* Project object */ = {
			isa = PBXProject;
			attributes = {
				LastUpgradeCheck = 0630;
				ORGANIZATIONNAME = "Carlos Castellanos";
				TargetAttributes = {
					F374614B1B0D4338006354CE = {
						CreatedOnToolsVersion = 6.3.1;
					};
					F37461641B0D4339006354CE = {
						CreatedOnToolsVersion = 6.3.1;
						TestTargetID = F374614B1B0D4338006354CE;
					};
				};
			};
			buildConfigurationList = F37461471B0D4338006354CE /* Build configuration list for PBXProject "DenunciaElectoral" */;
			compatibilityVersion = "Xcode 3.2";
			developmentRegion = English;
			hasScannedForEncodings = 0;
			knownRegions = (
				en,
				Base,
			);
			mainGroup = F37461431B0D4338006354CE;
			productRefGroup = F374614D1B0D4338006354CE /* Products */;
			projectDirPath = "";
			projectRoot = "";
			targets = (
				F374614B1B0D4338006354CE /* DenunciaElectoral */,
				F37461641B0D4339006354CE /* DenunciaElectoralTests */,
			);
		};
/* End PBXProject section */

/* Begin PBXResourcesBuildPhase section */
		F374614A1B0D4338006354CE /* Resources */ = {
			isa = PBXResourcesBuildPhase;
			buildActionMask = 2147483647;
			files = (
				075834EA1B0DA91C0051C875 /* 2.png in Resources */,
				F374615B1B0D4338006354CE /* Main.storyboard in Resources */,
				F37461601B0D4338006354CE /* LaunchScreen.xib in Resources */,
				F374615D1B0D4338006354CE /* Images.xcassets in Resources */,
				075834E81B0DA91C0051C875 /* 3.png in Resources */,
				075834E91B0DA91C0051C875 /* 1.png in Resources */,
			);
			runOnlyForDeploymentPostprocessing = 0;
		};
		F37461631B0D4339006354CE /* Resources */ = {
			isa = PBXResourcesBuildPhase;
			buildActionMask = 2147483647;
			files = (
			);
			runOnlyForDeploymentPostprocessing = 0;
		};
/* End PBXResourcesBuildPhase section */

/* Begin PBXShellScriptBuildPhase section */
		0C37AC1F027249AEAB3F4960 /* Copy Pods Resources */ = {
			isa = PBXShellScriptBuildPhase;
			buildActionMask = 2147483647;
			files = (
			);
			inputPaths = (
			);
			name = "Copy Pods Resources";
			outputPaths = (
			);
			runOnlyForDeploymentPostprocessing = 0;
			shellPath = /bin/sh;
			shellScript = "\"${SRCROOT}/Pods/Target Support Files/Pods-DenunciaElectoral/Pods-DenunciaElectoral-resources.sh\"\n";
			showEnvVarsInLog = 0;
		};
		7074F85AC8EC29C8A9C8DD9D /* Check Pods Manifest.lock */ = {
			isa = PBXShellScriptBuildPhase;
			buildActionMask = 2147483647;
			files = (
			);
			inputPaths = (
			);
			name = "Check Pods Manifest.lock";
			outputPaths = (
			);
			runOnlyForDeploymentPostprocessing = 0;
			shellPath = /bin/sh;
			shellScript = "diff \"${PODS_ROOT}/../Podfile.lock\" \"${PODS_ROOT}/Manifest.lock\" > /dev/null\nif [[ $? != 0 ]] ; then\n    cat << EOM\nerror: The sandbox is not in sync with the Podfile.lock. Run 'pod install' or update your CocoaPods installation.\nEOM\n    exit 1\nfi\n";
			showEnvVarsInLog = 0;
		};
/* End PBXShellScriptBuildPhase section */

/* Begin PBXSourcesBuildPhase section */
		F37461481B0D4338006354CE /* Sources */ = {
			isa = PBXSourcesBuildPhase;
			buildActionMask = 2147483647;
			files = (
				075834E21B0D891D0051C875 /* DetailViewController.m in Sources */,
				F37461581B0D4338006354CE /* ViewController.m in Sources */,
				F37461551B0D4338006354CE /* AppDelegate.m in Sources */,
				F374617E1B0D5BF6006354CE /* ListViewController.m in Sources */,
				F37461521B0D4338006354CE /* main.m in Sources */,
			);
			runOnlyForDeploymentPostprocessing = 0;
		};
		F37461611B0D4339006354CE /* Sources */ = {
			isa = PBXSourcesBuildPhase;
			buildActionMask = 2147483647;
			files = (
				F374616C1B0D4339006354CE /* DenunciaElectoralTests.m in Sources */,
			);
			runOnlyForDeploymentPostprocessing = 0;
		};
/* End PBXSourcesBuildPhase section */

/* Begin PBXTargetDependency section */
		F37461671B0D4339006354CE /* PBXTargetDependency */ = {
			isa = PBXTargetDependency;
			target = F374614B1B0D4338006354CE /* DenunciaElectoral */;
			targetProxy = F37461661B0D4339006354CE /* PBXContainerItemProxy */;
		};
/* End PBXTargetDependency section */

/* Begin PBXVariantGroup section */
		F37461591B0D4338006354CE /* Main.storyboard */ = {
			isa = PBXVariantGroup;
			children = (
				F374615A1B0D4338006354CE /* Base */,
			);
			name = Main.storyboard;
			sourceTree = "<group>";
		};
		F374615E1B0D4338006354CE /* LaunchScreen.xib */ = {
			isa = PBXVariantGroup;
			children = (
				F374615F1B0D4338006354CE /* Base */,
			);
			name = LaunchScreen.xib;
			sourceTree = "<group>";
		};
/* End PBXVariantGroup section */

/* Begin XCBuildConfiguration section */
		F374616D1B0D4339006354CE /* Debug */ = {
			isa = XCBuildConfiguration;
			buildSettings = {
				ALWAYS_SEARCH_USER_PATHS = NO;
				CLANG_CXX_LANGUAGE_STANDARD = "gnu++0x";
				CLANG_CXX_LIBRARY = "libc++";
				CLANG_ENABLE_MODULES = YES;
				CLANG_ENABLE_OBJC_ARC = YES;
				CLANG_WARN_BOOL_CONVERSION = YES;
				CLANG_WARN_CONSTANT_CONVERSION = YES;
				CLANG_WARN_DIRECT_OBJC_ISA_USAGE = YES_ERROR;
				CLANG_WARN_EMPTY_BODY = YES;
				CLANG_WARN_ENUM_CONVERSION = YES;
				CLANG_WARN_INT_CONVERSION = YES;
				CLANG_WARN_OBJC_ROOT_CLASS = YES_ERROR;
				CLANG_WARN_UNREACHABLE_CODE = YES;
				CLANG_WARN__DUPLICATE_METHOD_MATCH = YES;
				"CODE_SIGN_IDENTITY[sdk=iphoneos*]" = "iPhone Developer";
				COPY_PHASE_STRIP = NO;
				DEBUG_INFORMATION_FORMAT = "dwarf-with-dsym";
				ENABLE_STRICT_OBJC_MSGSEND = YES;
				GCC_C_LANGUAGE_STANDARD = gnu99;
				GCC_DYNAMIC_NO_PIC = NO;
				GCC_NO_COMMON_BLOCKS = YES;
				GCC_OPTIMIZATION_LEVEL = 0;
				GCC_PREPROCESSOR_DEFINITIONS = (
					"DEBUG=1",
					"$(inherited)",
				);
				GCC_SYMBOLS_PRIVATE_EXTERN = NO;
				GCC_WARN_64_TO_32_BIT_CONVERSION = YES;
				GCC_WARN_ABOUT_RETURN_TYPE = YES_ERROR;
				GCC_WARN_UNDECLARED_SELECTOR = YES;
				GCC_WARN_UNINITIALIZED_AUTOS = YES_AGGRESSIVE;
				GCC_WARN_UNUSED_FUNCTION = YES;
				GCC_WARN_UNUSED_VARIABLE = YES;
				IPHONEOS_DEPLOYMENT_TARGET = 8.3;
				MTL_ENABLE_DEBUG_INFO = YES;
				ONLY_ACTIVE_ARCH = YES;
				SDKROOT = iphoneos;
			};
			name = Debug;
		};
		F374616E1B0D4339006354CE /* Release */ = {
			isa = XCBuildConfiguration;
			buildSettings = {
				ALWAYS_SEARCH_USER_PATHS = NO;
				CLANG_CXX_LANGUAGE_STANDARD = "gnu++0x";
				CLANG_CXX_LIBRARY = "libc++";
				CLANG_ENABLE_MODULES = YES;
				CLANG_ENABLE_OBJC_ARC = YES;
				CLANG_WARN_BOOL_CONVERSION = YES;
				CLANG_WARN_CONSTANT_CONVERSION = YES;
				CLANG_WARN_DIRECT_OBJC_ISA_USAGE = YES_ERROR;
				CLANG_WARN_EMPTY_BODY = YES;
				CLANG_WARN_ENUM_CONVERSION = YES;
				CLANG_WARN_INT_CONVERSION = YES;
				CLANG_WARN_OBJC_ROOT_CLASS = YES_ERROR;
				CLANG_WARN_UNREACHABLE_CODE = YES;
				CLANG_WARN__DUPLICATE_METHOD_MATCH = YES;
				"CODE_SIGN_IDENTITY[sdk=iphoneos*]" = "iPhone Developer";
				COPY_PHASE_STRIP = NO;
				DEBUG_INFORMATION_FORMAT = "dwarf-with-dsym";
				ENABLE_NS_ASSERTIONS = NO;
				ENABLE_STRICT_OBJC_MSGSEND = YES;
				GCC_C_LANGUAGE_STANDARD = gnu99;
				GCC_NO_COMMON_BLOCKS = YES;
				GCC_WARN_64_TO_32_BIT_CONVERSION = YES;
				GCC_WARN_ABOUT_RETURN_TYPE = YES_ERROR;
				GCC_WARN_UNDECLARED_SELECTOR = YES;
				GCC_WARN_UNINITIALIZED_AUTOS = YES_AGGRESSIVE;
				GCC_WARN_UNUSED_FUNCTION = YES;
				GCC_WARN_UNUSED_VARIABLE = YES;
				IPHONEOS_DEPLOYMENT_TARGET = 8.3;
				MTL_ENABLE_DEBUG_INFO = NO;
				SDKROOT = iphoneos;
				VALIDATE_PRODUCT = YES;
			};
			name = Release;
		};
		F37461701B0D4339006354CE /* Debug */ = {
			isa = XCBuildConfiguration;
			baseConfigurationReference = 45158E356FA4303F96083D2C /* Pods-DenunciaElectoral.debug.xcconfig */;
			buildSettings = {
				ASSETCATALOG_COMPILER_APPICON_NAME = AppIcon;
				INFOPLIST_FILE = DenunciaElectoral/Info.plist;
				LD_RUNPATH_SEARCH_PATHS = "$(inherited) @executable_path/Frameworks";
				PRODUCT_NAME = "$(TARGET_NAME)";
			};
			name = Debug;
		};
		F37461711B0D4339006354CE /* Release */ = {
			isa = XCBuildConfiguration;
			baseConfigurationReference = F6AB0CA0AFF01C4213B972C4 /* Pods-DenunciaElectoral.release.xcconfig */;
			buildSettings = {
				ASSETCATALOG_COMPILER_APPICON_NAME = AppIcon;
				INFOPLIST_FILE = DenunciaElectoral/Info.plist;
				LD_RUNPATH_SEARCH_PATHS = "$(inherited) @executable_path/Frameworks";
				PRODUCT_NAME = "$(TARGET_NAME)";
			};
			name = Release;
		};
		F37461731B0D4339006354CE /* Debug */ = {
			isa = XCBuildConfiguration;
			buildSettings = {
				BUNDLE_LOADER = "$(TEST_HOST)";
				FRAMEWORK_SEARCH_PATHS = (
					"$(SDKROOT)/Developer/Library/Frameworks",
					"$(inherited)",
				);
				GCC_PREPROCESSOR_DEFINITIONS = (
					"DEBUG=1",
					"$(inherited)",
				);
				INFOPLIST_FILE = DenunciaElectoralTests/Info.plist;
				LD_RUNPATH_SEARCH_PATHS = "$(inherited) @executable_path/Frameworks @loader_path/Frameworks";
				PRODUCT_NAME = "$(TARGET_NAME)";
				TEST_HOST = "$(BUILT_PRODUCTS_DIR)/DenunciaElectoral.app/DenunciaElectoral";
			};
			name = Debug;
		};
		F37461741B0D4339006354CE /* Release */ = {
			isa = XCBuildConfiguration;
			buildSettings = {
				BUNDLE_LOADER = "$(TEST_HOST)";
				FRAMEWORK_SEARCH_PATHS = (
					"$(SDKROOT)/Developer/Library/Frameworks",
					"$(inherited)",
				);
				INFOPLIST_FILE = DenunciaElectoralTests/Info.plist;
				LD_RUNPATH_SEARCH_PATHS = "$(inherited) @executable_path/Frameworks @loader_path/Frameworks";
				PRODUCT_NAME = "$(TARGET_NAME)";
				TEST_HOST = "$(BUILT_PRODUCTS_DIR)/DenunciaElectoral.app/DenunciaElectoral";
			};
			name = Release;
		};
/* End XCBuildConfiguration section */

/* Begin XCConfigurationList section */
		F37461471B0D4338006354CE /* Build configuration list for PBXProject "DenunciaElectoral" */ = {
			isa = XCConfigurationList;
			buildConfigurations = (
				F374616D1B0D4339006354CE /* Debug */,
				F374616E1B0D4339006354CE /* Release */,
			);
			defaultConfigurationIsVisible = 0;
			defaultConfigurationName = Release;
		};
		F374616F1B0D4339006354CE /* Build configuration list for PBXNativeTarget "DenunciaElectoral" */ = {
			isa = XCConfigurationList;
			buildConfigurations = (
				F37461701B0D4339006354CE /* Debug */,
				F37461711B0D4339006354CE /* Release */,
			);
			defaultConfigurationIsVisible = 0;
			defaultConfigurationName = Release;
		};
		F37461721B0D4339006354CE /* Build configuration list for PBXNativeTarget "DenunciaElectoralTests" */ = {
			isa = XCConfigurationList;
			buildConfigurations = (
				F37461731B0D4339006354CE /* Debug */,
				F37461741B0D4339006354CE /* Release */,
			);
			defaultConfigurationIsVisible = 0;
			defaultConfigurationName = Release;
		};
/* End XCConfigurationList section */
	};
	rootObject = F37461441B0D4338006354CE /* Project object */;
}
